// !$*UTF8*$!
{
	archiveVersion = 1;
	classes = {
	};
	objectVersion = 50;
	objects = {

/* Begin PBXBuildFile section */
		1680BD572107045000845195 /* ActwivityCore.swift in Sources */ = {isa = PBXBuildFile; fileRef = 1680BD562107045000845195 /* ActwivityCore.swift */; };
		1680BD5921075CF500845195 /* TwitterClientLauncherProtocol.swift in Sources */ = {isa = PBXBuildFile; fileRef = 1680BD5821075CF500845195 /* TwitterClientLauncherProtocol.swift */; };
		1680BD5B21075EAE00845195 /* TweetbotLauncher.swift in Sources */ = {isa = PBXBuildFile; fileRef = 1680BD5A21075EAE00845195 /* TweetbotLauncher.swift */; };
		1680BD5D2107675A00845195 /* ActionType.swift in Sources */ = {isa = PBXBuildFile; fileRef = 1680BD5C2107675A00845195 /* ActionType.swift */; };
		16FBD5F5210699BB005DAF29 /* AppDelegate.swift in Sources */ = {isa = PBXBuildFile; fileRef = 16FBD5F4210699BB005DAF29 /* AppDelegate.swift */; };
		16FBD5F7210699BB005DAF29 /* ViewController.swift in Sources */ = {isa = PBXBuildFile; fileRef = 16FBD5F6210699BB005DAF29 /* ViewController.swift */; };
		16FBD5FA210699BB005DAF29 /* Main.storyboard in Resources */ = {isa = PBXBuildFile; fileRef = 16FBD5F8210699BB005DAF29 /* Main.storyboard */; };
		16FBD5FC210699BC005DAF29 /* Assets.xcassets in Resources */ = {isa = PBXBuildFile; fileRef = 16FBD5FB210699BC005DAF29 /* Assets.xcassets */; };
		16FBD5FF210699BC005DAF29 /* LaunchScreen.storyboard in Resources */ = {isa = PBXBuildFile; fileRef = 16FBD5FD210699BC005DAF29 /* LaunchScreen.storyboard */; };
/* End PBXBuildFile section */

/* Begin PBXFileReference section */
		1680BD552106FF9600845195 /* Actwivity-iOS.entitlements */ = {isa = PBXFileReference; lastKnownFileType = text.plist.entitlements; path = "Actwivity-iOS.entitlements"; sourceTree = "<group>"; };
		1680BD562107045000845195 /* ActwivityCore.swift */ = {isa = PBXFileReference; lastKnownFileType = sourcecode.swift; path = ActwivityCore.swift; sourceTree = "<group>"; };
		1680BD5821075CF500845195 /* TwitterClientLauncherProtocol.swift */ = {isa = PBXFileReference; lastKnownFileType = sourcecode.swift; path = TwitterClientLauncherProtocol.swift; sourceTree = "<group>"; };
		1680BD5A21075EAE00845195 /* TweetbotLauncher.swift */ = {isa = PBXFileReference; lastKnownFileType = sourcecode.swift; path = TweetbotLauncher.swift; sourceTree = "<group>"; };
		1680BD5C2107675A00845195 /* ActionType.swift */ = {isa = PBXFileReference; lastKnownFileType = sourcecode.swift; path = ActionType.swift; sourceTree = "<group>"; };
		16FBD5F1210699BB005DAF29 /* Actwivity-iOS.app */ = {isa = PBXFileReference; explicitFileType = wrapper.application; includeInIndex = 0; path = "Actwivity-iOS.app"; sourceTree = BUILT_PRODUCTS_DIR; };
		16FBD5F4210699BB005DAF29 /* AppDelegate.swift */ = {isa = PBXFileReference; lastKnownFileType = sourcecode.swift; path = AppDelegate.swift; sourceTree = "<group>"; };
		16FBD5F6210699BB005DAF29 /* ViewController.swift */ = {isa = PBXFileReference; lastKnownFileType = sourcecode.swift; path = ViewController.swift; sourceTree = "<group>"; };
		16FBD5F9210699BB005DAF29 /* Base */ = {isa = PBXFileReference; lastKnownFileType = file.storyboard; name = Base; path = Base.lproj/Main.storyboard; sourceTree = "<group>"; };
		16FBD5FB210699BC005DAF29 /* Assets.xcassets */ = {isa = PBXFileReference; lastKnownFileType = folder.assetcatalog; path = Assets.xcassets; sourceTree = "<group>"; };
		16FBD5FE210699BC005DAF29 /* Base */ = {isa = PBXFileReference; lastKnownFileType = file.storyboard; name = Base; path = Base.lproj/LaunchScreen.storyboard; sourceTree = "<group>"; };
		16FBD600210699BC005DAF29 /* Info.plist */ = {isa = PBXFileReference; lastKnownFileType = text.plist.xml; path = Info.plist; sourceTree = "<group>"; };
/* End PBXFileReference section */

/* Begin PBXFrameworksBuildPhase section */
		16FBD5EE210699BB005DAF29 /* Frameworks */ = {
			isa = PBXFrameworksBuildPhase;
			buildActionMask = 2147483647;
			files = (
			);
			runOnlyForDeploymentPostprocessing = 0;
		};
/* End PBXFrameworksBuildPhase section */

/* Begin PBXGroup section */
		16FBD5E8210699BB005DAF29 = {
			isa = PBXGroup;
			children = (
				16FBD5F3210699BB005DAF29 /* Actwivity-iOS */,
				16FBD5F2210699BB005DAF29 /* Products */,
			);
			sourceTree = "<group>";
		};
		16FBD5F2210699BB005DAF29 /* Products */ = {
			isa = PBXGroup;
			children = (
				16FBD5F1210699BB005DAF29 /* Actwivity-iOS.app */,
			);
			name = Products;
			sourceTree = "<group>";
		};
		16FBD5F3210699BB005DAF29 /* Actwivity-iOS */ = {
			isa = PBXGroup;
			children = (
				1680BD552106FF9600845195 /* Actwivity-iOS.entitlements */,
				16FBD5F4210699BB005DAF29 /* AppDelegate.swift */,
				1680BD5C2107675A00845195 /* ActionType.swift */,
				16FBD5F6210699BB005DAF29 /* ViewController.swift */,
				1680BD562107045000845195 /* ActwivityCore.swift */,
				1680BD5821075CF500845195 /* TwitterClientLauncherProtocol.swift */,
				1680BD5A21075EAE00845195 /* TweetbotLauncher.swift */,
				16FBD5F8210699BB005DAF29 /* Main.storyboard */,
				16FBD5FB210699BC005DAF29 /* Assets.xcassets */,
				16FBD5FD210699BC005DAF29 /* LaunchScreen.storyboard */,
				16FBD600210699BC005DAF29 /* Info.plist */,
			);
			path = "Actwivity-iOS";
			sourceTree = "<group>";
		};
/* End PBXGroup section */

/* Begin PBXNativeTarget section */
		16FBD5F0210699BB005DAF29 /* Actwivity-iOS */ = {
			isa = PBXNativeTarget;
			buildConfigurationList = 16FBD603210699BC005DAF29 /* Build configuration list for PBXNativeTarget "Actwivity-iOS" */;
			buildPhases = (
				16FBD5ED210699BB005DAF29 /* Sources */,
				16FBD5EE210699BB005DAF29 /* Frameworks */,
				16FBD5EF210699BB005DAF29 /* Resources */,
			);
			buildRules = (
			);
			dependencies = (
			);
			name = "Actwivity-iOS";
			productName = "Actwivity-iOS";
			productReference = 16FBD5F1210699BB005DAF29 /* Actwivity-iOS.app */;
			productType = "com.apple.product-type.application";
		};
/* End PBXNativeTarget section */

/* Begin PBXProject section */
		16FBD5E9210699BB005DAF29 /* Project object */ = {
			isa = PBXProject;
			attributes = {
				LastSwiftUpdateCheck = 1000;
				LastUpgradeCheck = 1000;
				ORGANIZATIONNAME = tOmMyanG;
				TargetAttributes = {
					16FBD5F0210699BB005DAF29 = {
						CreatedOnToolsVersion = 10.0;
						SystemCapabilities = {
							com.apple.Push = {
								enabled = 1;
							};
						};
					};
				};
			};
			buildConfigurationList = 16FBD5EC210699BB005DAF29 /* Build configuration list for PBXProject "Actwivity-iOS" */;
			compatibilityVersion = "Xcode 9.3";
			developmentRegion = en;
			hasScannedForEncodings = 0;
			knownRegions = (
				en,
				Base,
			);
			mainGroup = 16FBD5E8210699BB005DAF29;
			productRefGroup = 16FBD5F2210699BB005DAF29 /* Products */;
			projectDirPath = "";
			projectRoot = "";
			targets = (
				16FBD5F0210699BB005DAF29 /* Actwivity-iOS */,
			);
		};
/* End PBXProject section */

/* Begin PBXResourcesBuildPhase section */
		16FBD5EF210699BB005DAF29 /* Resources */ = {
			isa = PBXResourcesBuildPhase;
			buildActionMask = 2147483647;
			files = (
				16FBD5FF210699BC005DAF29 /* LaunchScreen.storyboard in Resources */,
				16FBD5FC210699BC005DAF29 /* Assets.xcassets in Resources */,
				16FBD5FA210699BB005DAF29 /* Main.storyboard in Resources */,
			);
			runOnlyForDeploymentPostprocessing = 0;
		};
/* End PBXResourcesBuildPhase section */

/* Begin PBXSourcesBuildPhase section */
		16FBD5ED210699BB005DAF29 /* Sources */ = {
			isa = PBXSourcesBuildPhase;
			buildActionMask = 2147483647;
			files = (
				1680BD5921075CF500845195 /* TwitterClientLauncherProtocol.swift in Sources */,
				1680BD5B21075EAE00845195 /* TweetbotLauncher.swift in Sources */,
				1680BD5D2107675A00845195 /* ActionType.swift in Sources */,
				16FBD5F7210699BB005DAF29 /* ViewController.swift in Sources */,
				16FBD5F5210699BB005DAF29 /* AppDelegate.swift in Sources */,
				1680BD572107045000845195 /* ActwivityCore.swift in Sources */,
			);
			runOnlyForDeploymentPostprocessing = 0;
		};
/* End PBXSourcesBuildPhase section */

/* Begin PBXVariantGroup section */
		16FBD5F8210699BB005DAF29 /* Main.storyboard */ = {
			isa = PBXVariantGroup;
			children = (
				16FBD5F9210699BB005DAF29 /* Base */,
			);
			name = Main.storyboard;
			sourceTree = "<group>";
		};
		16FBD5FD210699BC005DAF29 /* LaunchScreen.storyboard */ = {
			isa = PBXVariantGroup;
			children = (
				16FBD5FE210699BC005DAF29 /* Base */,
			);
			name = LaunchScreen.storyboard;
			sourceTree = "<group>";
		};
/* End PBXVariantGroup section */

/* Begin XCBuildConfiguration section */
		16FBD601210699BC005DAF29 /* Debug */ = {
			isa = XCBuildConfiguration;
			buildSettings = {
				ALWAYS_SEARCH_USER_PATHS = NO;
				CLANG_ANALYZER_NONNULL = YES;
				CLANG_ANALYZER_NUMBER_OBJECT_CONVERSION = YES_AGGRESSIVE;
				CLANG_CXX_LANGUAGE_STANDARD = "gnu++14";
				CLANG_CXX_LIBRARY = "libc++";
				CLANG_ENABLE_MODULES = YES;
				CLANG_ENABLE_OBJC_ARC = YES;
				CLANG_ENABLE_OBJC_WEAK = YES;
				CLANG_WARN_BLOCK_CAPTURE_AUTORELEASING = YES;
				CLANG_WARN_BOOL_CONVERSION = YES;
				CLANG_WARN_COMMA = YES;
				CLANG_WARN_CONSTANT_CONVERSION = YES;
				CLANG_WARN_DEPRECATED_OBJC_IMPLEMENTATIONS = YES;
				CLANG_WARN_DIRECT_OBJC_ISA_USAGE = YES_ERROR;
				CLANG_WARN_DOCUMENTATION_COMMENTS = YES;
				CLANG_WARN_EMPTY_BODY = YES;
				CLANG_WARN_ENUM_CONVERSION = YES;
				CLANG_WARN_INFINITE_RECURSION = YES;
				CLANG_WARN_INT_CONVERSION = YES;
				CLANG_WARN_NON_LITERAL_NULL_CONVERSION = YES;
				CLANG_WARN_OBJC_IMPLICIT_RETAIN_SELF = YES;
				CLANG_WARN_OBJC_LITERAL_CONVERSION = YES;
				CLANG_WARN_OBJC_ROOT_CLASS = YES_ERROR;
				CLANG_WARN_RANGE_LOOP_ANALYSIS = YES;
				CLANG_WARN_STRICT_PROTOTYPES = YES;
				CLANG_WARN_SUSPICIOUS_MOVE = YES;
				CLANG_WARN_UNGUARDED_AVAILABILITY = YES_AGGRESSIVE;
				CLANG_WARN_UNREACHABLE_CODE = YES;
				CLANG_WARN__DUPLICATE_METHOD_MATCH = YES;
				CODE_SIGN_IDENTITY = "iPhone Developer";
				COPY_PHASE_STRIP = NO;
				DEBUG_INFORMATION_FORMAT = dwarf;
				ENABLE_STRICT_OBJC_MSGSEND = YES;
				ENABLE_TESTABILITY = YES;
				GCC_C_LANGUAGE_STANDARD = gnu11;
				GCC_DYNAMIC_NO_PIC = NO;
				GCC_NO_COMMON_BLOCKS = YES;
				GCC_OPTIMIZATION_LEVEL = 0;
				GCC_PREPROCESSOR_DEFINITIONS = (
					"DEBUG=1",
					"$(inherited)",
				);
				GCC_WARN_64_TO_32_BIT_CONVERSION = YES;
				GCC_WARN_ABOUT_RETURN_TYPE = YES_ERROR;
				GCC_WARN_UNDECLARED_SELECTOR = YES;
				GCC_WARN_UNINITIALIZED_AUTOS = YES_AGGRESSIVE;
				GCC_WARN_UNUSED_FUNCTION = YES;
				GCC_WARN_UNUSED_VARIABLE = YES;
				IPHONEOS_DEPLOYMENT_TARGET = 12.0;
				MTL_ENABLE_DEBUG_INFO = INCLUDE_SOURCE;
				MTL_FAST_MATH = YES;
				ONLY_ACTIVE_ARCH = YES;
				SDKROOT = iphoneos;
				SWIFT_ACTIVE_COMPILATION_CONDITIONS = DEBUG;
				SWIFT_OPTIMIZATION_LEVEL = "-Onone";
			};
			name = Debug;
		};
		16FBD602210699BC005DAF29 /* Release */ = {
			isa = XCBuildConfiguration;
			buildSettings = {
				ALWAYS_SEARCH_USER_PATHS = NO;
				CLANG_ANALYZER_NONNULL = YES;
				CLANG_ANALYZER_NUMBER_OBJECT_CONVERSION = YES_AGGRESSIVE;
				CLANG_CXX_LANGUAGE_STANDARD = "gnu++14";
				CLANG_CXX_LIBRARY = "libc++";
				CLANG_ENABLE_MODULES = YES;
				CLANG_ENABLE_OBJC_ARC = YES;
				CLANG_ENABLE_OBJC_WEAK = YES;
				CLANG_WARN_BLOCK_CAPTURE_AUTORELEASING = YES;
				CLANG_WARN_BOOL_CONVERSION = YES;
				CLANG_WARN_COMMA = YES;
				CLANG_WARN_CONSTANT_CONVERSION = YES;
				CLANG_WARN_DEPRECATED_OBJC_IMPLEMENTATIONS = YES;
				CLANG_WARN_DIRECT_OBJC_ISA_USAGE = YES_ERROR;
				CLANG_WARN_DOCUMENTATION_COMMENTS = YES;
				CLANG_WARN_EMPTY_BODY = YES;
				CLANG_WARN_ENUM_CONVERSION = YES;
				CLANG_WARN_INFINITE_RECURSION = YES;
				CLANG_WARN_INT_CONVERSION = YES;
				CLANG_WARN_NON_LITERAL_NULL_CONVERSION = YES;
				CLANG_WARN_OBJC_IMPLICIT_RETAIN_SELF = YES;
				CLANG_WARN_OBJC_LITERAL_CONVERSION = YES;
				CLANG_WARN_OBJC_ROOT_CLASS = YES_ERROR;
				CLANG_WARN_RANGE_LOOP_ANALYSIS = YES;
				CLANG_WARN_STRICT_PROTOTYPES = YES;
				CLANG_WARN_SUSPICIOUS_MOVE = YES;
				CLANG_WARN_UNGUARDED_AVAILABILITY = YES_AGGRESSIVE;
				CLANG_WARN_UNREACHABLE_CODE = YES;
				CLANG_WARN__DUPLICATE_METHOD_MATCH = YES;
				CODE_SIGN_IDENTITY = "iPhone Developer";
				COPY_PHASE_STRIP = NO;
				DEBUG_INFORMATION_FORMAT = "dwarf-with-dsym";
				ENABLE_NS_ASSERTIONS = NO;
				ENABLE_STRICT_OBJC_MSGSEND = YES;
				GCC_C_LANGUAGE_STANDARD = gnu11;
				GCC_NO_COMMON_BLOCKS = YES;
				GCC_WARN_64_TO_32_BIT_CONVERSION = YES;
				GCC_WARN_ABOUT_RETURN_TYPE = YES_ERROR;
				GCC_WARN_UNDECLARED_SELECTOR = YES;
				GCC_WARN_UNINITIALIZED_AUTOS = YES_AGGRESSIVE;
				GCC_WARN_UNUSED_FUNCTION = YES;
				GCC_WARN_UNUSED_VARIABLE = YES;
				IPHONEOS_DEPLOYMENT_TARGET = 12.0;
				MTL_ENABLE_DEBUG_INFO = NO;
				MTL_FAST_MATH = YES;
				SDKROOT = iphoneos;
				SWIFT_COMPILATION_MODE = wholemodule;
				SWIFT_OPTIMIZATION_LEVEL = "-O";
				VALIDATE_PRODUCT = YES;
			};
			name = Release;
		};
		16FBD604210699BC005DAF29 /* Debug */ = {
			isa = XCBuildConfiguration;
			buildSettings = {
				ASSETCATALOG_COMPILER_APPICON_NAME = AppIcon;
				CODE_SIGN_ENTITLEMENTS = "Actwivity-iOS/Actwivity-iOS.entitlements";
				CODE_SIGN_STYLE = Automatic;
				DEVELOPMENT_TEAM = G6RP8ED4FY;
				INFOPLIST_FILE = "Actwivity-iOS/Info.plist";
				LD_RUNPATH_SEARCH_PATHS = (
					"$(inherited)",
					"@executable_path/Frameworks",
				);
				PRODUCT_BUNDLE_IDENTIFIER = "org.tommyang.Actwivity-iOS";
				PRODUCT_NAME = "$(TARGET_NAME)";
				SWIFT_VERSION = 4.2;
				TARGETED_DEVICE_FAMILY = "1,2";
			};
			name = Debug;
		};
		16FBD605210699BC005DAF29 /* Release */ = {
			isa = XCBuildConfiguration;
			buildSettings = {
				ASSETCATALOG_COMPILER_APPICON_NAME = AppIcon;
				CODE_SIGN_ENTITLEMENTS = "Actwivity-iOS/Actwivity-iOS.entitlements";
				CODE_SIGN_STYLE = Automatic;
				DEVELOPMENT_TEAM = G6RP8ED4FY;
				INFOPLIST_FILE = "Actwivity-iOS/Info.plist";
				LD_RUNPATH_SEARCH_PATHS = (
					"$(inherited)",
					"@executable_path/Frameworks",
				);
				PRODUCT_BUNDLE_IDENTIFIER = "org.tommyang.Actwivity-iOS";
				PRODUCT_NAME = "$(TARGET_NAME)";
				SWIFT_VERSION = 4.2;
				TARGETED_DEVICE_FAMILY = "1,2";
			};
			name = Release;
		};
/* End XCBuildConfiguration section */

/* Begin XCConfigurationList section */
		16FBD5EC210699BB005DAF29 /* Build configuration list for PBXProject "Actwivity-iOS" */ = {
			isa = XCConfigurationList;
			buildConfigurations = (
				16FBD601210699BC005DAF29 /* Debug */,
				16FBD602210699BC005DAF29 /* Release */,
			);
			defaultConfigurationIsVisible = 0;
			defaultConfigurationName = Release;
		};
		16FBD603210699BC005DAF29 /* Build configuration list for PBXNativeTarget "Actwivity-iOS" */ = {
			isa = XCConfigurationList;
			buildConfigurations = (
				16FBD604210699BC005DAF29 /* Debug */,
				16FBD605210699BC005DAF29 /* Release */,
			);
			defaultConfigurationIsVisible = 0;
			defaultConfigurationName = Release;
		};
/* End XCConfigurationList section */
	};
	rootObject = 16FBD5E9210699BB005DAF29 /* Project object */;
}
